
Microsoft Visual Studio Solution File, Format Version 12.00
# Visual Studio Version 16
VisualStudioVersion = 16.0.29509.3
MinimumVisualStudioVersion = 10.0.40219.1
Project("{888888A0-9F3D-457C-B088-3A5042F75D52}") = "12masks", "12masks.pyproj", "{BC4A26E4-546D-44E4-A182-279D0AC02915}"
EndProject
Global
	GlobalSection(SolutionConfigurationPlatforms) = preSolution
		Debug|Any CPU = Debug|Any CPU
		Release|Any CPU = Release|Any CPU
	EndGlobalSection
	GlobalSection(ProjectConfigurationPlatforms) = postSolution
		{BC4A26E4-546D-44E4-A182-279D0AC02915}.Debug|Any CPU.ActiveCfg = Debug|Any CPU
		{BC4A26E4-546D-44E4-A182-279D0AC02915}.Release|Any CPU.ActiveCfg = Release|Any CPU
	EndGlobalSection
	GlobalSection(SolutionProperties) = preSolution
		HideSolutionNode = FALSE
	EndGlobalSection
	GlobalSection(ExtensibilityGlobals) = postSolution
		SolutionGuid = {ED8BDC99-12D4-4E4A-AC4A-E5848DED1E2D}
	EndGlobalSection
EndGlobal
